// !$*UTF8*$!
{
	archiveVersion = 1;
	classes = {
	};
	objectVersion = 46;
	objects = {

/* Begin PBXBuildFile section */
		5C4E3C1B19DC08B8005EA012 /* main.m in Sources */ = {isa = PBXBuildFile; fileRef = 5C4E3C1A19DC08B8005EA012 /* main.m */; };
		5C4E3C1E19DC08B8005EA012 /* AppDelegate.m in Sources */ = {isa = PBXBuildFile; fileRef = 5C4E3C1D19DC08B8005EA012 /* AppDelegate.m */; };
		5C4E3C2119DC08B8005EA012 /* ViewController.m in Sources */ = {isa = PBXBuildFile; fileRef = 5C4E3C2019DC08B8005EA012 /* ViewController.m */; };
		5C4E3C2419DC08B8005EA012 /* Main.storyboard in Resources */ = {isa = PBXBuildFile; fileRef = 5C4E3C2219DC08B8005EA012 /* Main.storyboard */; };
		5C4E3C2619DC08B8005EA012 /* Images.xcassets in Resources */ = {isa = PBXBuildFile; fileRef = 5C4E3C2519DC08B8005EA012 /* Images.xcassets */; };
		5C4E3C2919DC08B8005EA012 /* LaunchScreen.xib in Resources */ = {isa = PBXBuildFile; fileRef = 5C4E3C2719DC08B8005EA012 /* LaunchScreen.xib */; };
		5C4E3C3519DC08B8005EA012 /* Git_TestTests.m in Sources */ = {isa = PBXBuildFile; fileRef = 5C4E3C3419DC08B8005EA012 /* Git_TestTests.m */; };
/* End PBXBuildFile section */

/* Begin PBXContainerItemProxy section */
		5C4E3C2F19DC08B8005EA012 /* PBXContainerItemProxy */ = {
			isa = PBXContainerItemProxy;
			containerPortal = 5C4E3C0D19DC08B8005EA012 /* Project object */;
			proxyType = 1;
			remoteGlobalIDString = 5C4E3C1419DC08B8005EA012;
			remoteInfo = "Git Test";
		};
/* End PBXContainerItemProxy section */

/* Begin PBXFileReference section */
		5C4E3C1519DC08B8005EA012 /* Git Test.app */ = {isa = PBXFileReference; explicitFileType = wrapper.application; includeInIndex = 0; path = "Git Test.app"; sourceTree = BUILT_PRODUCTS_DIR; };
		5C4E3C1919DC08B8005EA012 /* Info.plist */ = {isa = PBXFileReference; lastKnownFileType = text.plist.xml; path = Info.plist; sourceTree = "<group>"; };
		5C4E3C1A19DC08B8005EA012 /* main.m */ = {isa = PBXFileReference; lastKnownFileType = sourcecode.c.objc; path = main.m; sourceTree = "<group>"; };
		5C4E3C1C19DC08B8005EA012 /* AppDelegate.h */ = {isa = PBXFileReference; lastKnownFileType = sourcecode.c.h; path = AppDelegate.h; sourceTree = "<group>"; };
		5C4E3C1D19DC08B8005EA012 /* AppDelegate.m */ = {isa = PBXFileReference; lastKnownFileType = sourcecode.c.objc; path = AppDelegate.m; sourceTree = "<group>"; };
		5C4E3C1F19DC08B8005EA012 /* ViewController.h */ = {isa = PBXFileReference; lastKnownFileType = sourcecode.c.h; path = ViewController.h; sourceTree = "<group>"; };
		5C4E3C2019DC08B8005EA012 /* ViewController.m */ = {isa = PBXFileReference; lastKnownFileType = sourcecode.c.objc; path = ViewController.m; sourceTree = "<group>"; };
		5C4E3C2319DC08B8005EA012 /* Base */ = {isa = PBXFileReference; lastKnownFileType = file.storyboard; name = Base; path = Base.lproj/Main.storyboard; sourceTree = "<group>"; };
		5C4E3C2519DC08B8005EA012 /* Images.xcassets */ = {isa = PBXFileReference; lastKnownFileType = folder.assetcatalog; path = Images.xcassets; sourceTree = "<group>"; };
		5C4E3C2819DC08B8005EA012 /* Base */ = {isa = PBXFileReference; lastKnownFileType = file.xib; name = Base; path = Base.lproj/LaunchScreen.xib; sourceTree = "<group>"; };
		5C4E3C2E19DC08B8005EA012 /* Git TestTests.xctest */ = {isa = PBXFileReference; explicitFileType = wrapper.cfbundle; includeInIndex = 0; path = "Git TestTests.xctest"; sourceTree = BUILT_PRODUCTS_DIR; };
		5C4E3C3319DC08B8005EA012 /* Info.plist */ = {isa = PBXFileReference; lastKnownFileType = text.plist.xml; path = Info.plist; sourceTree = "<group>"; };
		5C4E3C3419DC08B8005EA012 /* Git_TestTests.m */ = {isa = PBXFileReference; lastKnownFileType = sourcecode.c.objc; path = Git_TestTests.m; sourceTree = "<group>"; };
/* End PBXFileReference section */

/* Begin PBXFrameworksBuildPhase section */
		5C4E3C1219DC08B8005EA012 /* Frameworks */ = {
			isa = PBXFrameworksBuildPhase;
			buildActionMask = 2147483647;
			files = (
			);
			runOnlyForDeploymentPostprocessing = 0;
		};
		5C4E3C2B19DC08B8005EA012 /* Frameworks */ = {
			isa = PBXFrameworksBuildPhase;
			buildActionMask = 2147483647;
			files = (
			);
			runOnlyForDeploymentPostprocessing = 0;
		};
/* End PBXFrameworksBuildPhase section */

/* Begin PBXGroup section */
		5C4E3C0C19DC08B8005EA012 = {
			isa = PBXGroup;
			children = (
				5C4E3C1719DC08B8005EA012 /* Git Test */,
				5C4E3C3119DC08B8005EA012 /* Git TestTests */,
				5C4E3C1619DC08B8005EA012 /* Products */,
			);
			sourceTree = "<group>";
		};
		5C4E3C1619DC08B8005EA012 /* Products */ = {
			isa = PBXGroup;
			children = (
				5C4E3C1519DC08B8005EA012 /* Git Test.app */,
				5C4E3C2E19DC08B8005EA012 /* Git TestTests.xctest */,
			);
			name = Products;
			sourceTree = "<group>";
		};
		5C4E3C1719DC08B8005EA012 /* Git Test */ = {
			isa = PBXGroup;
			children = (
				5C4E3C1C19DC08B8005EA012 /* AppDelegate.h */,
				5C4E3C1D19DC08B8005EA012 /* AppDelegate.m */,
				5C4E3C1F19DC08B8005EA012 /* ViewController.h */,
				5C4E3C2019DC08B8005EA012 /* ViewController.m */,
				5C4E3C2219DC08B8005EA012 /* Main.storyboard */,
				5C4E3C2519DC08B8005EA012 /* Images.xcassets */,
				5C4E3C2719DC08B8005EA012 /* LaunchScreen.xib */,
				5C4E3C1819DC08B8005EA012 /* Supporting Files */,
			);
			path = "Git Test";
			sourceTree = "<group>";
		};
		5C4E3C1819DC08B8005EA012 /* Supporting Files */ = {
			isa = PBXGroup;
			children = (
				5C4E3C1919DC08B8005EA012 /* Info.plist */,
				5C4E3C1A19DC08B8005EA012 /* main.m */,
			);
			name = "Supporting Files";
			sourceTree = "<group>";
		};
		5C4E3C3119DC08B8005EA012 /* Git TestTests */ = {
			isa = PBXGroup;
			children = (
				5C4E3C3419DC08B8005EA012 /* Git_TestTests.m */,
				5C4E3C3219DC08B8005EA012 /* Supporting Files */,
			);
			path = "Git TestTests";
			sourceTree = "<group>";
		};
		5C4E3C3219DC08B8005EA012 /* Supporting Files */ = {
			isa = PBXGroup;
			children = (
				5C4E3C3319DC08B8005EA012 /* Info.plist */,
			);
			name = "Supporting Files";
			sourceTree = "<group>";
		};
/* End PBXGroup section */

/* Begin PBXNativeTarget section */
		5C4E3C1419DC08B8005EA012 /* Git Test */ = {
			isa = PBXNativeTarget;
			buildConfigurationList = 5C4E3C3819DC08B8005EA012 /* Build configuration list for PBXNativeTarget "Git Test" */;
			buildPhases = (
				5C4E3C1119DC08B8005EA012 /* Sources */,
				5C4E3C1219DC08B8005EA012 /* Frameworks */,
				5C4E3C1319DC08B8005EA012 /* Resources */,
			);
			buildRules = (
			);
			dependencies = (
			);
			name = "Git Test";
			productName = "Git Test";
			productReference = 5C4E3C1519DC08B8005EA012 /* Git Test.app */;
			productType = "com.apple.product-type.application";
		};
		5C4E3C2D19DC08B8005EA012 /* Git TestTests */ = {
			isa = PBXNativeTarget;
			buildConfigurationList = 5C4E3C3B19DC08B8005EA012 /* Build configuration list for PBXNativeTarget "Git TestTests" */;
			buildPhases = (
				5C4E3C2A19DC08B8005EA012 /* Sources */,
				5C4E3C2B19DC08B8005EA012 /* Frameworks */,
				5C4E3C2C19DC08B8005EA012 /* Resources */,
			);
			buildRules = (
			);
			dependencies = (
				5C4E3C3019DC08B8005EA012 /* PBXTargetDependency */,
			);
			name = "Git TestTests";
			productName = "Git TestTests";
			productReference = 5C4E3C2E19DC08B8005EA012 /* Git TestTests.xctest */;
			productType = "com.apple.product-type.bundle.unit-test";
		};
/* End PBXNativeTarget section */

/* Begin PBXProject section */
		5C4E3C0D19DC08B8005EA012 /* Project object */ = {
			isa = PBXProject;
			attributes = {
				LastUpgradeCheck = 0600;
				ORGANIZATIONNAME = "Code Coalition";
				TargetAttributes = {
					5C4E3C1419DC08B8005EA012 = {
						CreatedOnToolsVersion = 6.0.1;
					};
					5C4E3C2D19DC08B8005EA012 = {
						CreatedOnToolsVersion = 6.0.1;
						TestTargetID = 5C4E3C1419DC08B8005EA012;
					};
				};
			};
			buildConfigurationList = 5C4E3C1019DC08B8005EA012 /* Build configuration list for PBXProject "Git Test" */;
			compatibilityVersion = "Xcode 3.2";
			developmentRegion = English;
			hasScannedForEncodings = 0;
			knownRegions = (
				en,
				Base,
			);
			mainGroup = 5C4E3C0C19DC08B8005EA012;
			productRefGroup = 5C4E3C1619DC08B8005EA012 /* Products */;
			projectDirPath = "";
			projectRoot = "";
			targets = (
				5C4E3C1419DC08B8005EA012 /* Git Test */,
				5C4E3C2D19DC08B8005EA012 /* Git TestTests */,
			);
		};
/* End PBXProject section */

/* Begin PBXResourcesBuildPhase section */
		5C4E3C1319DC08B8005EA012 /* Resources */ = {
			isa = PBXResourcesBuildPhase;
			buildActionMask = 2147483647;
			files = (
				5C4E3C2419DC08B8005EA012 /* Main.storyboard in Resources */,
				5C4E3C2919DC08B8005EA012 /* LaunchScreen.xib in Resources */,
				5C4E3C2619DC08B8005EA012 /* Images.xcassets in Resources */,
			);
			runOnlyForDeploymentPostprocessing = 0;
		};
		5C4E3C2C19DC08B8005EA012 /* Resources */ = {
			isa = PBXResourcesBuildPhase;
			buildActionMask = 2147483647;
			files = (
			);
			runOnlyForDeploymentPostprocessing = 0;
		};
/* End PBXResourcesBuildPhase section */

/* Begin PBXSourcesBuildPhase section */
		5C4E3C1119DC08B8005EA012 /* Sources */ = {
			isa = PBXSourcesBuildPhase;
			buildActionMask = 2147483647;
			files = (
				5C4E3C2119DC08B8005EA012 /* ViewController.m in Sources */,
				5C4E3C1E19DC08B8005EA012 /* AppDelegate.m in Sources */,
				5C4E3C1B19DC08B8005EA012 /* main.m in Sources */,
			);
			runOnlyForDeploymentPostprocessing = 0;
		};
		5C4E3C2A19DC08B8005EA012 /* Sources */ = {
			isa = PBXSourcesBuildPhase;
			buildActionMask = 2147483647;
			files = (
				5C4E3C3519DC08B8005EA012 /* Git_TestTests.m in Sources */,
			);
			runOnlyForDeploymentPostprocessing = 0;
		};
/* End PBXSourcesBuildPhase section */

/* Begin PBXTargetDependency section */
		5C4E3C3019DC08B8005EA012 /* PBXTargetDependency */ = {
			isa = PBXTargetDependency;
			target = 5C4E3C1419DC08B8005EA012 /* Git Test */;
			targetProxy = 5C4E3C2F19DC08B8005EA012 /* PBXContainerItemProxy */;
		};
/* End PBXTargetDependency section */

/* Begin PBXVariantGroup section */
		5C4E3C2219DC08B8005EA012 /* Main.storyboard */ = {
			isa = PBXVariantGroup;
			children = (
				5C4E3C2319DC08B8005EA012 /* Base */,
			);
			name = Main.storyboard;
			sourceTree = "<group>";
		};
		5C4E3C2719DC08B8005EA012 /* LaunchScreen.xib */ = {
			isa = PBXVariantGroup;
			children = (
				5C4E3C2819DC08B8005EA012 /* Base */,
			);
			name = LaunchScreen.xib;
			sourceTree = "<group>";
		};
/* End PBXVariantGroup section */

/* Begin XCBuildConfiguration section */
		5C4E3C3619DC08B8005EA012 /* Debug */ = {
			isa = XCBuildConfiguration;
			buildSettings = {
				ALWAYS_SEARCH_USER_PATHS = NO;
				CLANG_CXX_LANGUAGE_STANDARD = "gnu++0x";
				CLANG_CXX_LIBRARY = "libc++";
				CLANG_ENABLE_MODULES = YES;
				CLANG_ENABLE_OBJC_ARC = YES;
				CLANG_WARN_BOOL_CONVERSION = YES;
				CLANG_WARN_CONSTANT_CONVERSION = YES;
				CLANG_WARN_DIRECT_OBJC_ISA_USAGE = YES_ERROR;
				CLANG_WARN_EMPTY_BODY = YES;
				CLANG_WARN_ENUM_CONVERSION = YES;
				CLANG_WARN_INT_CONVERSION = YES;
				CLANG_WARN_OBJC_ROOT_CLASS = YES_ERROR;
				CLANG_WARN_UNREACHABLE_CODE = YES;
				CLANG_WARN__DUPLICATE_METHOD_MATCH = YES;
				"CODE_SIGN_IDENTITY[sdk=iphoneos*]" = "iPhone Developer";
				COPY_PHASE_STRIP = NO;
				ENABLE_STRICT_OBJC_MSGSEND = YES;
				GCC_C_LANGUAGE_STANDARD = gnu99;
				GCC_DYNAMIC_NO_PIC = NO;
				GCC_OPTIMIZATION_LEVEL = 0;
				GCC_PREPROCESSOR_DEFINITIONS = (
					"DEBUG=1",
					"$(inherited)",
				);
				GCC_SYMBOLS_PRIVATE_EXTERN = NO;
				GCC_WARN_64_TO_32_BIT_CONVERSION = YES;
				GCC_WARN_ABOUT_RETURN_TYPE = YES_ERROR;
				GCC_WARN_UNDECLARED_SELECTOR = YES;
				GCC_WARN_UNINITIALIZED_AUTOS = YES_AGGRESSIVE;
				GCC_WARN_UNUSED_FUNCTION = YES;
				GCC_WARN_UNUSED_VARIABLE = YES;
				IPHONEOS_DEPLOYMENT_TARGET = 8.0;
				MTL_ENABLE_DEBUG_INFO = YES;
				ONLY_ACTIVE_ARCH = YES;
				SDKROOT = iphoneos;
			};
			name = Debug;
		};
		5C4E3C3719DC08B8005EA012 /* Release */ = {
			isa = XCBuildConfiguration;
			buildSettings = {
				ALWAYS_SEARCH_USER_PATHS = NO;
				CLANG_CXX_LANGUAGE_STANDARD = "gnu++0x";
				CLANG_CXX_LIBRARY = "libc++";
				CLANG_ENABLE_MODULES = YES;
				CLANG_ENABLE_OBJC_ARC = YES;
				CLANG_WARN_BOOL_CONVERSION = YES;
				CLANG_WARN_CONSTANT_CONVERSION = YES;
				CLANG_WARN_DIRECT_OBJC_ISA_USAGE = YES_ERROR;
				CLANG_WARN_EMPTY_BODY = YES;
				CLANG_WARN_ENUM_CONVERSION = YES;
				CLANG_WARN_INT_CONVERSION = YES;
				CLANG_WARN_OBJC_ROOT_CLASS = YES_ERROR;
				CLANG_WARN_UNREACHABLE_CODE = YES;
				CLANG_WARN__DUPLICATE_METHOD_MATCH = YES;
				"CODE_SIGN_IDENTITY[sdk=iphoneos*]" = "iPhone Developer";
				COPY_PHASE_STRIP = YES;
				ENABLE_NS_ASSERTIONS = NO;
				ENABLE_STRICT_OBJC_MSGSEND = YES;
				GCC_C_LANGUAGE_STANDARD = gnu99;
				GCC_WARN_64_TO_32_BIT_CONVERSION = YES;
				GCC_WARN_ABOUT_RETURN_TYPE = YES_ERROR;
				GCC_WARN_UNDECLARED_SELECTOR = YES;
				GCC_WARN_UNINITIALIZED_AUTOS = YES_AGGRESSIVE;
				GCC_WARN_UNUSED_FUNCTION = YES;
				GCC_WARN_UNUSED_VARIABLE = YES;
				IPHONEOS_DEPLOYMENT_TARGET = 8.0;
				MTL_ENABLE_DEBUG_INFO = NO;
				SDKROOT = iphoneos;
				VALIDATE_PRODUCT = YES;
			};
			name = Release;
		};
		5C4E3C3919DC08B8005EA012 /* Debug */ = {
			isa = XCBuildConfiguration;
			buildSettings = {
				ASSETCATALOG_COMPILER_APPICON_NAME = AppIcon;
				INFOPLIST_FILE = "Git Test/Info.plist";
				LD_RUNPATH_SEARCH_PATHS = "$(inherited) @executable_path/Frameworks";
				PRODUCT_NAME = "$(TARGET_NAME)";
			};
			name = Debug;
		};
		5C4E3C3A19DC08B8005EA012 /* Release */ = {
			isa = XCBuildConfiguration;
			buildSettings = {
				ASSETCATALOG_COMPILER_APPICON_NAME = AppIcon;
				INFOPLIST_FILE = "Git Test/Info.plist";
				LD_RUNPATH_SEARCH_PATHS = "$(inherited) @executable_path/Frameworks";
				PRODUCT_NAME = "$(TARGET_NAME)";
			};
			name = Release;
		};
		5C4E3C3C19DC08B8005EA012 /* Debug */ = {
			isa = XCBuildConfiguration;
			buildSettings = {
				BUNDLE_LOADER = "$(TEST_HOST)";
				FRAMEWORK_SEARCH_PATHS = (
					"$(SDKROOT)/Developer/Library/Frameworks",
					"$(inherited)",
				);
				GCC_PREPROCESSOR_DEFINITIONS = (
					"DEBUG=1",
					"$(inherited)",
				);
				INFOPLIST_FILE = "Git TestTests/Info.plist";
				LD_RUNPATH_SEARCH_PATHS = "$(inherited) @executable_path/Frameworks @loader_path/Frameworks";
				PRODUCT_NAME = "$(TARGET_NAME)";
				TEST_HOST = "$(BUILT_PRODUCTS_DIR)/Git Test.app/Git Test";
			};
			name = Debug;
		};
		5C4E3C3D19DC08B8005EA012 /* Release */ = {
			isa = XCBuildConfiguration;
			buildSettings = {
				BUNDLE_LOADER = "$(TEST_HOST)";
				FRAMEWORK_SEARCH_PATHS = (
					"$(SDKROOT)/Developer/Library/Frameworks",
					"$(inherited)",
				);
				INFOPLIST_FILE = "Git TestTests/Info.plist";
				LD_RUNPATH_SEARCH_PATHS = "$(inherited) @executable_path/Frameworks @loader_path/Frameworks";
				PRODUCT_NAME = "$(TARGET_NAME)";
				TEST_HOST = "$(BUILT_PRODUCTS_DIR)/Git Test.app/Git Test";
			};
			name = Release;
		};
/* End XCBuildConfiguration section */

/* Begin XCConfigurationList section */
		5C4E3C1019DC08B8005EA012 /* Build configuration list for PBXProject "Git Test" */ = {
			isa = XCConfigurationList;
			buildConfigurations = (
				5C4E3C3619DC08B8005EA012 /* Debug */,
				5C4E3C3719DC08B8005EA012 /* Release */,
			);
			defaultConfigurationIsVisible = 0;
			defaultConfigurationName = Release;
		};
		5C4E3C3819DC08B8005EA012 /* Build configuration list for PBXNativeTarget "Git Test" */ = {
			isa = XCConfigurationList;
			buildConfigurations = (
				5C4E3C3919DC08B8005EA012 /* Debug */,
				5C4E3C3A19DC08B8005EA012 /* Release */,
			);
			defaultConfigurationIsVisible = 0;
		};
		5C4E3C3B19DC08B8005EA012 /* Build configuration list for PBXNativeTarget "Git TestTests" */ = {
			isa = XCConfigurationList;
			buildConfigurations = (
				5C4E3C3C19DC08B8005EA012 /* Debug */,
				5C4E3C3D19DC08B8005EA012 /* Release */,
			);
			defaultConfigurationIsVisible = 0;
		};
/* End XCConfigurationList section */
	};
	rootObject = 5C4E3C0D19DC08B8005EA012 /* Project object */;
}
